
Microsoft Visual Studio Solution File, Format Version 12.00
# Visual Studio Version 17
VisualStudioVersion = 17.14.36717.8 d17.14
MinimumVisualStudioVersion = 10.0.40219.1
Project("{FAE04EC0-301F-11D3-BF4B-00C04F79EFBC}") = "BookShop.API", "BookShop.API\BookShop.API.csproj", "{F038D18C-5F36-47EC-BF47-94D2F1537433}"
EndProject
Project("{FAE04EC0-301F-11D3-BF4B-00C04F79EFBC}") = "BookShop.Core", "BookShop.Core\BookShop.Core.csproj", "{BB9C7DC7-C887-4B39-B5D3-34472B755570}"
EndProject
Project("{FAE04EC0-301F-11D3-BF4B-00C04F79EFBC}") = "BookShop.DAL", "BookShop.DAL\BookShop.DAL.csproj", "{04472988-34DB-407A-84FB-DCE5E898CA3F}"
EndProject
Project("{FAE04EC0-301F-11D3-BF4B-00C04F79EFBC}") = "BookShop.Infrastructure", "BookShop.Infrastructure\BookShop.Infrastructure.csproj", "{DCB6F595-6283-4367-B31D-EE158C093D08}"
EndProject
Global
	GlobalSection(SolutionConfigurationPlatforms) = preSolution
		Debug|Any CPU = Debug|Any CPU
		Release|Any CPU = Release|Any CPU
	EndGlobalSection
	GlobalSection(ProjectConfigurationPlatforms) = postSolution
		{F038D18C-5F36-47EC-BF47-94D2F1537433}.Debug|Any CPU.ActiveCfg = Debug|Any CPU
		{F038D18C-5F36-47EC-BF47-94D2F1537433}.Debug|Any CPU.Build.0 = Debug|Any CPU
		{F038D18C-5F36-47EC-BF47-94D2F1537433}.Release|Any CPU.ActiveCfg = Release|Any CPU
		{F038D18C-5F36-47EC-BF47-94D2F1537433}.Release|Any CPU.Build.0 = Release|Any CPU
		{BB9C7DC7-C887-4B39-B5D3-34472B755570}.Debug|Any CPU.ActiveCfg = Debug|Any CPU
		{BB9C7DC7-C887-4B39-B5D3-34472B755570}.Debug|Any CPU.Build.0 = Debug|Any CPU
		{BB9C7DC7-C887-4B39-B5D3-34472B755570}.Release|Any CPU.ActiveCfg = Release|Any CPU
		{BB9C7DC7-C887-4B39-B5D3-34472B755570}.Release|Any CPU.Build.0 = Release|Any CPU
		{04472988-34DB-407A-84FB-DCE5E898CA3F}.Debug|Any CPU.ActiveCfg = Debug|Any CPU
		{04472988-34DB-407A-84FB-DCE5E898CA3F}.Debug|Any CPU.Build.0 = Debug|Any CPU
		{04472988-34DB-407A-84FB-DCE5E898CA3F}.Release|Any CPU.ActiveCfg = Release|Any CPU
		{04472988-34DB-407A-84FB-DCE5E898CA3F}.Release|Any CPU.Build.0 = Release|Any CPU
		{DCB6F595-6283-4367-B31D-EE158C093D08}.Debug|Any CPU.ActiveCfg = Debug|Any CPU
		{DCB6F595-6283-4367-B31D-EE158C093D08}.Debug|Any CPU.Build.0 = Debug|Any CPU
		{DCB6F595-6283-4367-B31D-EE158C093D08}.Release|Any CPU.ActiveCfg = Release|Any CPU
		{DCB6F595-6283-4367-B31D-EE158C093D08}.Release|Any CPU.Build.0 = Release|Any CPU
	EndGlobalSection
	GlobalSection(SolutionProperties) = preSolution
		HideSolutionNode = FALSE
	EndGlobalSection
	GlobalSection(ExtensibilityGlobals) = postSolution
		SolutionGuid = {D64F6E5B-7C58-4822-8F47-AC15BBC2AF14}
	EndGlobalSection
EndGlobal
